
Microsoft Visual Studio Solution File, Format Version 12.00
# Visual Studio 15
VisualStudioVersion = 15.0.27703.2042
MinimumVisualStudioVersion = 10.0.40219.1
Project("{FAE04EC0-301F-11D3-BF4B-00C04F79EFBC}") = "CityMapXomarin.Infrastructure", "CityMapXomarin.Infrastructure\CityMapXomarin.Infrastructure.csproj", "{06ED5CC2-A052-4D67-BCDD-914EC26F23C1}"
EndProject
Project("{FAE04EC0-301F-11D3-BF4B-00C04F79EFBC}") = "CityMapXomarin.Services", "CityMapXomarin.Services\CityMapXomarin.Services.csproj", "{FDDD8A66-31D9-4E24-BE60-89A8F2A4664A}"
EndProject
Project("{FAE04EC0-301F-11D3-BF4B-00C04F79EFBC}") = "CityMapXomarin.Models", "CityMapXomarin.Models\CityMapXomarin.Models.csproj", "{5054399A-0D8B-4BED-93EF-A1E803EF3ECF}"
EndProject
Project("{FAE04EC0-301F-11D3-BF4B-00C04F79EFBC}") = "CityMapXomarin.Ui", "CityMapXomarin.Ui\CityMapXomarin.Ui.csproj", "{3BC0AC7E-3B3B-4D3F-9CC0-B2BDECC460A6}"
EndProject
Global
	GlobalSection(SolutionConfigurationPlatforms) = preSolution
		Debug|Any CPU = Debug|Any CPU
		Release|Any CPU = Release|Any CPU
	EndGlobalSection
	GlobalSection(ProjectConfigurationPlatforms) = postSolution
		{06ED5CC2-A052-4D67-BCDD-914EC26F23C1}.Debug|Any CPU.ActiveCfg = Debug|Any CPU
		{06ED5CC2-A052-4D67-BCDD-914EC26F23C1}.Debug|Any CPU.Build.0 = Debug|Any CPU
		{06ED5CC2-A052-4D67-BCDD-914EC26F23C1}.Release|Any CPU.ActiveCfg = Release|Any CPU
		{06ED5CC2-A052-4D67-BCDD-914EC26F23C1}.Release|Any CPU.Build.0 = Release|Any CPU
		{FDDD8A66-31D9-4E24-BE60-89A8F2A4664A}.Debug|Any CPU.ActiveCfg = Debug|Any CPU
		{FDDD8A66-31D9-4E24-BE60-89A8F2A4664A}.Debug|Any CPU.Build.0 = Debug|Any CPU
		{FDDD8A66-31D9-4E24-BE60-89A8F2A4664A}.Release|Any CPU.ActiveCfg = Release|Any CPU
		{FDDD8A66-31D9-4E24-BE60-89A8F2A4664A}.Release|Any CPU.Build.0 = Release|Any CPU
		{5054399A-0D8B-4BED-93EF-A1E803EF3ECF}.Debug|Any CPU.ActiveCfg = Debug|Any CPU
		{5054399A-0D8B-4BED-93EF-A1E803EF3ECF}.Debug|Any CPU.Build.0 = Debug|Any CPU
		{5054399A-0D8B-4BED-93EF-A1E803EF3ECF}.Release|Any CPU.ActiveCfg = Release|Any CPU
		{5054399A-0D8B-4BED-93EF-A1E803EF3ECF}.Release|Any CPU.Build.0 = Release|Any CPU
		{3BC0AC7E-3B3B-4D3F-9CC0-B2BDECC460A6}.Debug|Any CPU.ActiveCfg = Debug|Any CPU
		{3BC0AC7E-3B3B-4D3F-9CC0-B2BDECC460A6}.Debug|Any CPU.Build.0 = Debug|Any CPU
		{3BC0AC7E-3B3B-4D3F-9CC0-B2BDECC460A6}.Debug|Any CPU.Deploy.0 = Debug|Any CPU
		{3BC0AC7E-3B3B-4D3F-9CC0-B2BDECC460A6}.Release|Any CPU.ActiveCfg = Release|Any CPU
		{3BC0AC7E-3B3B-4D3F-9CC0-B2BDECC460A6}.Release|Any CPU.Build.0 = Release|Any CPU
		{3BC0AC7E-3B3B-4D3F-9CC0-B2BDECC460A6}.Release|Any CPU.Deploy.0 = Release|Any CPU
	EndGlobalSection
	GlobalSection(SolutionProperties) = preSolution
		HideSolutionNode = FALSE
	EndGlobalSection
	GlobalSection(ExtensibilityGlobals) = postSolution
		SolutionGuid = {CA1A36E5-802C-4BA2-9D75-BBDC8BD7A306}
	EndGlobalSection
EndGlobal
